PODS:
  - Alamofire (4.7.2)
  - Crashlytics (3.10.1):
    - Fabric (~> 1.7.5)
  - Fabric (1.7.6)
  - ReachabilitySwift (4.1.0)
  - SwiftGen (5.3.0)
  - SwiftyJSON (4.1.0)

DEPENDENCIES:
  - Alamofire
  - Crashlytics
  - Fabric
  - ReachabilitySwift
  - SwiftGen
  - SwiftyJSON

SPEC CHECKSUMS:
  Alamofire: e4fa87002c137ba2d8d634d2c51fabcda0d5c223
  Crashlytics: aee1a064cbbf99b32efa3f056a5f458d846bc8ff
  Fabric: f8d42c893bb187326a7968b62abe55c36a987a46
  ReachabilitySwift: 6849231cd4e06559f3b9ef4a97a0a0f96d41e09f
  SwiftGen: 4379bd3640b0a212a0f6ea3c494adba385513d10
  SwiftyJSON: c29297daf073d2aa016295d5809cdd68045c39b3

PODFILE CHECKSUM: 5a54c2e4279c394a8e6c8f8dea2492ae426ac238

COCOAPODS: 1.4.0
