// !$*UTF8*$!
{
	archiveVersion = 1;
	classes = {
	};
	objectVersion = 46;
	objects = {

/* Begin PBXBuildFile section */
		2CC56A251FE33D40E039C361 /* Pods_Austria_ForumUITests.framework in Frameworks */ = {isa = PBXBuildFile; fileRef = FACD8EB8EBBAE6B78124C905 /* Pods_Austria_ForumUITests.framework */; };
		46527D07A81998CA57F1F8F8 /* Pods_Austria_Forum.framework in Frameworks */ = {isa = PBXBuildFile; fileRef = 101AC65B372ECA8D993DA862 /* Pods_Austria_Forum.framework */; };
		5C268E241C1AFA04007CC4CD /* UserData.swift in Sources */ = {isa = PBXBuildFile; fileRef = 5C268E231C1AFA04007CC4CD /* UserData.swift */; };
		5C268E281C1B43D3007CC4CD /* NetworkDelegation.swift in Sources */ = {isa = PBXBuildFile; fileRef = 5C268E271C1B43D3007CC4CD /* NetworkDelegation.swift */; };
		5C268E2A1C1B491B007CC4CD /* SearchResult.swift in Sources */ = {isa = PBXBuildFile; fileRef = 5C268E291C1B491B007CC4CD /* SearchResult.swift */; };
		5C268E2C1C1B4A4E007CC4CD /* SearchHolder.swift in Sources */ = {isa = PBXBuildFile; fileRef = 5C268E2B1C1B4A4E007CC4CD /* SearchHolder.swift */; };
		5C2C047F1CC2284100FC25AE /* GoogleService-Info.plist in Resources */ = {isa = PBXBuildFile; fileRef = 5C2C047E1CC2284100FC25AE /* GoogleService-Info.plist */; };
		5C2C04811CC3725800FC25AE /* ViewController+Extension.swift in Sources */ = {isa = PBXBuildFile; fileRef = 5C2C04801CC3725800FC25AE /* ViewController+Extension.swift */; };
		5C46015F1D3EAA34008A5634 /* LicenseResult.swift in Sources */ = {isa = PBXBuildFile; fileRef = 5C46015E1D3EAA34008A5634 /* LicenseResult.swift */; };
		5C4601601D3EAA34008A5634 /* LicenseResult.swift in Sources */ = {isa = PBXBuildFile; fileRef = 5C46015E1D3EAA34008A5634 /* LicenseResult.swift */; };
		5C4601611D3EAA34008A5634 /* LicenseResult.swift in Sources */ = {isa = PBXBuildFile; fileRef = 5C46015E1D3EAA34008A5634 /* LicenseResult.swift */; };
		5C4A6AB01C3AB8C30010499B /* afTableCell.xib in Resources */ = {isa = PBXBuildFile; fileRef = 5C4A6AAF1C3AB8C30010499B /* afTableCell.xib */; };
		5C4A6AB21C3AB9E80010499B /* afTableViewCell.swift in Sources */ = {isa = PBXBuildFile; fileRef = 5C4A6AB11C3AB9E80010499B /* afTableViewCell.swift */; };
		5C4A6AB41C3AC1E40010499B /* af_logo.png in Resources */ = {isa = PBXBuildFile; fileRef = 5C4A6AB31C3AC1E40010499B /* af_logo.png */; };
		5C4A6ADA1C3E63BA0010499B /* LoadingScreen.swift in Sources */ = {isa = PBXBuildFile; fileRef = 5C4A6AD91C3E63BA0010499B /* LoadingScreen.swift */; };
		5C4A6ADC1C3E63D20010499B /* LoadingScreen.xib in Resources */ = {isa = PBXBuildFile; fileRef = 5C4A6ADB1C3E63D20010499B /* LoadingScreen.xib */; };
		5C4A6ADE1C3E925E0010499B /* LocationTableViewController.swift in Sources */ = {isa = PBXBuildFile; fileRef = 5C4A6ADD1C3E925E0010499B /* LocationTableViewController.swift */; };
		5C4A6AE01C3E972B0010499B /* OptionsTableViewController.swift in Sources */ = {isa = PBXBuildFile; fileRef = 5C4A6ADF1C3E972B0010499B /* OptionsTableViewController.swift */; };
		5C4A6AE41C4062240010499B /* ReadWriteToPList.swift in Sources */ = {isa = PBXBuildFile; fileRef = 5C4A6AE31C4062240010499B /* ReadWriteToPList.swift */; };
		5C4A6AE61C4062EE0010499B /* Favourites.plist in Resources */ = {isa = PBXBuildFile; fileRef = 5C4A6AE51C4062EE0010499B /* Favourites.plist */; };
		5C4A6AE81C410E080010499B /* FavouritesHolder.swift in Sources */ = {isa = PBXBuildFile; fileRef = 5C4A6AE71C410E080010499B /* FavouritesHolder.swift */; };
		5C4EA63E1C5271B900E5B758 /* CategoriesListed.swift in Sources */ = {isa = PBXBuildFile; fileRef = 5C4EA63D1C5271B900E5B758 /* CategoriesListed.swift */; };
		5C4EA6401C52831600E5B758 /* afLocationTableViewCell.xib in Resources */ = {isa = PBXBuildFile; fileRef = 5C4EA63F1C52831600E5B758 /* afLocationTableViewCell.xib */; };
		5C4EA6421C52834900E5B758 /* afLocationTableViewCell.swift in Sources */ = {isa = PBXBuildFile; fileRef = 5C4EA6411C52834900E5B758 /* afLocationTableViewCell.swift */; };
		5C55A56C1C4EC84800F86B37 /* MyLocationManager.swift in Sources */ = {isa = PBXBuildFile; fileRef = 5C55A56B1C4EC84800F86B37 /* MyLocationManager.swift */; };
		5C55A56E1C51493C00F86B37 /* GetArticlesByLocationRequest.swift in Sources */ = {isa = PBXBuildFile; fileRef = 5C55A56D1C51493C00F86B37 /* GetArticlesByLocationRequest.swift */; };
		5C55A5701C514C9E00F86B37 /* LocationArticleHolder.swift in Sources */ = {isa = PBXBuildFile; fileRef = 5C55A56F1C514C9E00F86B37 /* LocationArticleHolder.swift */; };
		5C55A5721C514D0100F86B37 /* LocationArticleResult.swift in Sources */ = {isa = PBXBuildFile; fileRef = 5C55A5711C514D0100F86B37 /* LocationArticleResult.swift */; };
		5C5BA4881D905E0F00E63F0D /* repair.js in Resources */ = {isa = PBXBuildFile; fileRef = 5C5BA4871D905E0F00E63F0D /* repair.js */; };
		5C80A1671E8823DD00B05836 /* forward.png in Resources */ = {isa = PBXBuildFile; fileRef = 5C80A1661E8823DD00B05836 /* forward.png */; };
		5C84A6FB1C907EBE006C3CC0 /* home.png in Resources */ = {isa = PBXBuildFile; fileRef = 5C84A6FA1C907EBE006C3CC0 /* home.png */; };
		5C8F0BAC1C1F1358003E2895 /* ReachabilityHelper.swift in Sources */ = {isa = PBXBuildFile; fileRef = 5C8F0BAB1C1F1358003E2895 /* ReachabilityHelper.swift */; };
		5C8F0BAE1C1F25BB003E2895 /* ReachabilityDelegate.swift in Sources */ = {isa = PBXBuildFile; fileRef = 5C8F0BAD1C1F25BB003E2895 /* ReachabilityDelegate.swift */; };
		5C9B18F11C197A2E0076B648 /* AppDelegate.swift in Sources */ = {isa = PBXBuildFile; fileRef = 5C9B18F01C197A2E0076B648 /* AppDelegate.swift */; };
		5C9B18F61C197A2E0076B648 /* SearchTableViewController.swift in Sources */ = {isa = PBXBuildFile; fileRef = 5C9B18F51C197A2E0076B648 /* SearchTableViewController.swift */; };
		5C9B18F81C197A2E0076B648 /* DetailViewController.swift in Sources */ = {isa = PBXBuildFile; fileRef = 5C9B18F71C197A2E0076B648 /* DetailViewController.swift */; };
		5C9B18FD1C197A2E0076B648 /* Assets.xcassets in Resources */ = {isa = PBXBuildFile; fileRef = 5C9B18FC1C197A2E0076B648 /* Assets.xcassets */; };
		5C9B19001C197A2E0076B648 /* LaunchScreen.storyboard in Resources */ = {isa = PBXBuildFile; fileRef = 5C9B18FE1C197A2E0076B648 /* LaunchScreen.storyboard */; };
		5C9B190B1C197A2E0076B648 /* Austria_ForumTests.swift in Sources */ = {isa = PBXBuildFile; fileRef = 5C9B190A1C197A2E0076B648 /* Austria_ForumTests.swift */; };
		5C9B19161C197A2E0076B648 /* Austria_ForumUITests.swift in Sources */ = {isa = PBXBuildFile; fileRef = 5C9B19151C197A2E0076B648 /* Austria_ForumUITests.swift */; };
		5CB99DC41DCB2E6500658F73 /* Search100.png in Resources */ = {isa = PBXBuildFile; fileRef = 5CB99DC31DCB2E6500658F73 /* Search100.png */; };
		5CBBFAC11C64B74E00C20437 /* GetPageInfoFromUrls.swift in Sources */ = {isa = PBXBuildFile; fileRef = 5CBBFAC01C64B74E00C20437 /* GetPageInfoFromUrls.swift */; };
		5CBBFAC41C64E50700C20437 /* LicenseManager.swift in Sources */ = {isa = PBXBuildFile; fileRef = 5CBBFAC31C64E50600C20437 /* LicenseManager.swift */; };
		5CBBFADF1C64EBA200C20437 /* by-nc-nd.png in Resources */ = {isa = PBXBuildFile; fileRef = 5CBBFAD71C64EBA200C20437 /* by-nc-nd.png */; };
		5CBBFAE01C64EBA200C20437 /* by-nc-sa.png in Resources */ = {isa = PBXBuildFile; fileRef = 5CBBFAD81C64EBA200C20437 /* by-nc-sa.png */; };
		5CBBFAE11C64EBA200C20437 /* by-nc.png in Resources */ = {isa = PBXBuildFile; fileRef = 5CBBFAD91C64EBA200C20437 /* by-nc.png */; };
		5CBBFAE21C64EBA200C20437 /* by-nd.png in Resources */ = {isa = PBXBuildFile; fileRef = 5CBBFADA1C64EBA200C20437 /* by-nd.png */; };
		5CBBFAE31C64EBA200C20437 /* by-sa.png in Resources */ = {isa = PBXBuildFile; fileRef = 5CBBFADB1C64EBA200C20437 /* by-sa.png */; };
		5CBBFAE41C64EBA200C20437 /* by.png in Resources */ = {isa = PBXBuildFile; fileRef = 5CBBFADC1C64EBA200C20437 /* by.png */; };
		5CBBFAE51C64EBA200C20437 /* cc-zero.png in Resources */ = {isa = PBXBuildFile; fileRef = 5CBBFADD1C64EBA200C20437 /* cc-zero.png */; };
		5CBBFAE61C64EBA200C20437 /* publicdomain.png in Resources */ = {isa = PBXBuildFile; fileRef = 5CBBFADE1C64EBA200C20437 /* publicdomain.png */; };
		5CBBFAE81C64EBE100C20437 /* af_license.png in Resources */ = {isa = PBXBuildFile; fileRef = 5CBBFAE71C64EBE100C20437 /* af_license.png */; };
		5CC0B1381CB68ADE0093D7F2 /* AboutViewController.swift in Sources */ = {isa = PBXBuildFile; fileRef = 5CC0B1371CB68ADE0093D7F2 /* AboutViewController.swift */; };
		5CC360F91C70DBA100095F21 /* UIImage+Extension.swift in Sources */ = {isa = PBXBuildFile; fileRef = 5CC360F81C70DBA100095F21 /* UIImage+Extension.swift */; };
		5CC3610B1C70E2BA00095F21 /* Bookmark.png in Resources */ = {isa = PBXBuildFile; fileRef = 5CC360FF1C70E2BA00095F21 /* Bookmark.png */; };
		5CC3610C1C70E2BA00095F21 /* Calendar.png in Resources */ = {isa = PBXBuildFile; fileRef = 5CC361001C70E2BA00095F21 /* Calendar.png */; };
		5CC3610E1C70E2BA00095F21 /* Hearts_Filled.png in Resources */ = {isa = PBXBuildFile; fileRef = 5CC361021C70E2BA00095F21 /* Hearts_Filled.png */; };
		5CC3610F1C70E2BA00095F21 /* Hearts.png in Resources */ = {isa = PBXBuildFile; fileRef = 5CC361031C70E2BA00095F21 /* Hearts.png */; };
		5CC361101C70E2BA00095F21 /* Marker.png in Resources */ = {isa = PBXBuildFile; fileRef = 5CC361041C70E2BA00095F21 /* Marker.png */; };
		5CC361111C70E2BA00095F21 /* Search.png in Resources */ = {isa = PBXBuildFile; fileRef = 5CC361051C70E2BA00095F21 /* Search.png */; };
		5CC361121C70E2BA00095F21 /* Settings_3.png in Resources */ = {isa = PBXBuildFile; fileRef = 5CC361061C70E2BA00095F21 /* Settings_3.png */; };
		5CC361131C70E2BA00095F21 /* Settings.png in Resources */ = {isa = PBXBuildFile; fileRef = 5CC361071C70E2BA00095F21 /* Settings.png */; };
		5CC361141C70E2BA00095F21 /* Shuffle.png in Resources */ = {isa = PBXBuildFile; fileRef = 5CC361081C70E2BA00095F21 /* Shuffle.png */; };
		5CC361151C70E2BA00095F21 /* Upload.png in Resources */ = {isa = PBXBuildFile; fileRef = 5CC361091C70E2BA00095F21 /* Upload.png */; };
		5CC361171C70E4C300095F21 /* ToolBar.swift in Sources */ = {isa = PBXBuildFile; fileRef = 5CC361161C70E4C300095F21 /* ToolBar.swift */; };
		5CCAECED1C23204100713BB7 /* Main.storyboard in Resources */ = {isa = PBXBuildFile; fileRef = 5CCAECEB1C23204100713BB7 /* Main.storyboard */; };
		5CCC3F1F1C413B9C00ADBBDB /* FavouritesTableViewController.swift in Sources */ = {isa = PBXBuildFile; fileRef = 5CCC3F1E1C413B9C00ADBBDB /* FavouritesTableViewController.swift */; };
		5CCC3F211C42542B00ADBBDB /* Extension+Dictionary.swift in Sources */ = {isa = PBXBuildFile; fileRef = 5CCC3F201C42542B00ADBBDB /* Extension+Dictionary.swift */; };
		5CD36C111E8820E200CE82FF /* back.png in Resources */ = {isa = PBXBuildFile; fileRef = 5CD36C0F1E8820E200CE82FF /* back.png */; };
		5CE5DA051D99AF3A005C036D /* SearchHolder.swift in Sources */ = {isa = PBXBuildFile; fileRef = 5C268E2B1C1B4A4E007CC4CD /* SearchHolder.swift */; };
		5CE5DA061D99AF3B005C036D /* SearchHolder.swift in Sources */ = {isa = PBXBuildFile; fileRef = 5C268E2B1C1B4A4E007CC4CD /* SearchHolder.swift */; };
		5CE5DA091D9E3A9E005C036D /* Helper.swift in Sources */ = {isa = PBXBuildFile; fileRef = 5CE5DA081D9E3A9E005C036D /* Helper.swift */; };
		5CE9EEF81C198C9D0068825C /* RequestManager.swift in Sources */ = {isa = PBXBuildFile; fileRef = 5CE9EEF71C198C9D0068825C /* RequestManager.swift */; };
		5CE9EEFA1C1990CD0068825C /* GetArticleFromMonthlyPool.swift in Sources */ = {isa = PBXBuildFile; fileRef = 5CE9EEF91C1990CD0068825C /* GetArticleFromMonthlyPool.swift */; };
		5CE9EEFC1C19914A0068825C /* BaseRequest.swift in Sources */ = {isa = PBXBuildFile; fileRef = 5CE9EEFB1C19914A0068825C /* BaseRequest.swift */; };
		5CE9EEFF1C199E1E0068825C /* FindPagesRequest.swift in Sources */ = {isa = PBXBuildFile; fileRef = 5CE9EEFE1C199E1E0068825C /* FindPagesRequest.swift */; };
		5CE9EF011C19A1B70068825C /* GetRandomArticleRequest.swift in Sources */ = {isa = PBXBuildFile; fileRef = 5CE9EF001C19A1B70068825C /* GetRandomArticleRequest.swift */; };
		5CE9EF411C19D3FB0068825C /* StartViewController.swift in Sources */ = {isa = PBXBuildFile; fileRef = 5CE9EF401C19D3FB0068825C /* StartViewController.swift */; };
		5CEA75371C197E9E0069D333 /* Podfile in Resources */ = {isa = PBXBuildFile; fileRef = 5CEA75361C197E9E0069D333 /* Podfile */; };
		942D15293A7ACAF56931CD28 /* Pods_Austria_ForumTests.framework in Frameworks */ = {isa = PBXBuildFile; fileRef = 245F84DFF2C770BC910B0535 /* Pods_Austria_ForumTests.framework */; };
/* End PBXBuildFile section */

/* Begin PBXContainerItemProxy section */
		5C9B19071C197A2E0076B648 /* PBXContainerItemProxy */ = {
			isa = PBXContainerItemProxy;
			containerPortal = 5C9B18E51C197A2E0076B648 /* Project object */;
			proxyType = 1;
			remoteGlobalIDString = 5C9B18EC1C197A2E0076B648;
			remoteInfo = "Austria-Forum";
		};
		5C9B19121C197A2E0076B648 /* PBXContainerItemProxy */ = {
			isa = PBXContainerItemProxy;
			containerPortal = 5C9B18E51C197A2E0076B648 /* Project object */;
			proxyType = 1;
			remoteGlobalIDString = 5C9B18EC1C197A2E0076B648;
			remoteInfo = "Austria-Forum";
		};
/* End PBXContainerItemProxy section */

/* Begin PBXFileReference section */
		101AC65B372ECA8D993DA862 /* Pods_Austria_Forum.framework */ = {isa = PBXFileReference; explicitFileType = wrapper.framework; includeInIndex = 0; path = Pods_Austria_Forum.framework; sourceTree = BUILT_PRODUCTS_DIR; };
		1B0C4190D484EE549041078C /* Pods-Austria-ForumUITests.release.xcconfig */ = {isa = PBXFileReference; includeInIndex = 1; lastKnownFileType = text.xcconfig; name = "Pods-Austria-ForumUITests.release.xcconfig"; path = "Pods/Target Support Files/Pods-Austria-ForumUITests/Pods-Austria-ForumUITests.release.xcconfig"; sourceTree = "<group>"; };
		245F84DFF2C770BC910B0535 /* Pods_Austria_ForumTests.framework */ = {isa = PBXFileReference; explicitFileType = wrapper.framework; includeInIndex = 0; path = Pods_Austria_ForumTests.framework; sourceTree = BUILT_PRODUCTS_DIR; };
		55B776033DD596E4AFA6904C /* Pods-Austria-ForumTests.debug.xcconfig */ = {isa = PBXFileReference; includeInIndex = 1; lastKnownFileType = text.xcconfig; name = "Pods-Austria-ForumTests.debug.xcconfig"; path = "Pods/Target Support Files/Pods-Austria-ForumTests/Pods-Austria-ForumTests.debug.xcconfig"; sourceTree = "<group>"; };
		5C268E231C1AFA04007CC4CD /* UserData.swift */ = {isa = PBXFileReference; fileEncoding = 4; lastKnownFileType = sourcecode.swift; path = UserData.swift; sourceTree = "<group>"; };
		5C268E271C1B43D3007CC4CD /* NetworkDelegation.swift */ = {isa = PBXFileReference; fileEncoding = 4; lastKnownFileType = sourcecode.swift; path = NetworkDelegation.swift; sourceTree = "<group>"; };
		5C268E291C1B491B007CC4CD /* SearchResult.swift */ = {isa = PBXFileReference; fileEncoding = 4; lastKnownFileType = sourcecode.swift; path = SearchResult.swift; sourceTree = "<group>"; };
		5C268E2B1C1B4A4E007CC4CD /* SearchHolder.swift */ = {isa = PBXFileReference; fileEncoding = 4; lastKnownFileType = sourcecode.swift; path = SearchHolder.swift; sourceTree = "<group>"; };
		5C2C047E1CC2284100FC25AE /* GoogleService-Info.plist */ = {isa = PBXFileReference; fileEncoding = 4; lastKnownFileType = text.plist.xml; path = "GoogleService-Info.plist"; sourceTree = "<group>"; };
		5C2C04801CC3725800FC25AE /* ViewController+Extension.swift */ = {isa = PBXFileReference; fileEncoding = 4; lastKnownFileType = sourcecode.swift; path = "ViewController+Extension.swift"; sourceTree = "<group>"; };
		5C46015E1D3EAA34008A5634 /* LicenseResult.swift */ = {isa = PBXFileReference; fileEncoding = 4; lastKnownFileType = sourcecode.swift; path = LicenseResult.swift; sourceTree = "<group>"; };
		5C4A6AAF1C3AB8C30010499B /* afTableCell.xib */ = {isa = PBXFileReference; fileEncoding = 4; lastKnownFileType = file.xib; path = afTableCell.xib; sourceTree = "<group>"; };
		5C4A6AB11C3AB9E80010499B /* afTableViewCell.swift */ = {isa = PBXFileReference; fileEncoding = 4; lastKnownFileType = sourcecode.swift; path = afTableViewCell.swift; sourceTree = "<group>"; };
		5C4A6AB31C3AC1E40010499B /* af_logo.png */ = {isa = PBXFileReference; lastKnownFileType = image.png; path = af_logo.png; sourceTree = "<group>"; };
		5C4A6AD91C3E63BA0010499B /* LoadingScreen.swift */ = {isa = PBXFileReference; fileEncoding = 4; lastKnownFileType = sourcecode.swift; path = LoadingScreen.swift; sourceTree = "<group>"; };
		5C4A6ADB1C3E63D20010499B /* LoadingScreen.xib */ = {isa = PBXFileReference; fileEncoding = 4; lastKnownFileType = file.xib; path = LoadingScreen.xib; sourceTree = "<group>"; };
		5C4A6ADD1C3E925E0010499B /* LocationTableViewController.swift */ = {isa = PBXFileReference; fileEncoding = 4; lastKnownFileType = sourcecode.swift; path = LocationTableViewController.swift; sourceTree = "<group>"; };
		5C4A6ADF1C3E972B0010499B /* OptionsTableViewController.swift */ = {isa = PBXFileReference; fileEncoding = 4; lastKnownFileType = sourcecode.swift; path = OptionsTableViewController.swift; sourceTree = "<group>"; };
		5C4A6AE31C4062240010499B /* ReadWriteToPList.swift */ = {isa = PBXFileReference; fileEncoding = 4; lastKnownFileType = sourcecode.swift; path = ReadWriteToPList.swift; sourceTree = "<group>"; };
		5C4A6AE51C4062EE0010499B /* Favourites.plist */ = {isa = PBXFileReference; fileEncoding = 4; lastKnownFileType = text.plist.xml; path = Favourites.plist; sourceTree = "<group>"; };
		5C4A6AE71C410E080010499B /* FavouritesHolder.swift */ = {isa = PBXFileReference; fileEncoding = 4; lastKnownFileType = sourcecode.swift; path = FavouritesHolder.swift; sourceTree = "<group>"; };
		5C4EA63D1C5271B900E5B758 /* CategoriesListed.swift */ = {isa = PBXFileReference; fileEncoding = 4; lastKnownFileType = sourcecode.swift; path = CategoriesListed.swift; sourceTree = "<group>"; };
		5C4EA63F1C52831600E5B758 /* afLocationTableViewCell.xib */ = {isa = PBXFileReference; fileEncoding = 4; lastKnownFileType = file.xib; path = afLocationTableViewCell.xib; sourceTree = "<group>"; };
		5C4EA6411C52834900E5B758 /* afLocationTableViewCell.swift */ = {isa = PBXFileReference; fileEncoding = 4; lastKnownFileType = sourcecode.swift; path = afLocationTableViewCell.swift; sourceTree = "<group>"; };
		5C55A56B1C4EC84800F86B37 /* MyLocationManager.swift */ = {isa = PBXFileReference; fileEncoding = 4; lastKnownFileType = sourcecode.swift; path = MyLocationManager.swift; sourceTree = "<group>"; };
		5C55A56D1C51493C00F86B37 /* GetArticlesByLocationRequest.swift */ = {isa = PBXFileReference; fileEncoding = 4; lastKnownFileType = sourcecode.swift; path = GetArticlesByLocationRequest.swift; sourceTree = "<group>"; };
		5C55A56F1C514C9E00F86B37 /* LocationArticleHolder.swift */ = {isa = PBXFileReference; fileEncoding = 4; lastKnownFileType = sourcecode.swift; path = LocationArticleHolder.swift; sourceTree = "<group>"; };
		5C55A5711C514D0100F86B37 /* LocationArticleResult.swift */ = {isa = PBXFileReference; fileEncoding = 4; lastKnownFileType = sourcecode.swift; path = LocationArticleResult.swift; sourceTree = "<group>"; };
		5C5BA4871D905E0F00E63F0D /* repair.js */ = {isa = PBXFileReference; fileEncoding = 4; lastKnownFileType = sourcecode.javascript; path = repair.js; sourceTree = "<group>"; };
		5C80A1661E8823DD00B05836 /* forward.png */ = {isa = PBXFileReference; lastKnownFileType = image.png; path = forward.png; sourceTree = "<group>"; };
		5C84A6FA1C907EBE006C3CC0 /* home.png */ = {isa = PBXFileReference; lastKnownFileType = image.png; path = home.png; sourceTree = "<group>"; };
		5C8F0BAB1C1F1358003E2895 /* ReachabilityHelper.swift */ = {isa = PBXFileReference; fileEncoding = 4; lastKnownFileType = sourcecode.swift; path = ReachabilityHelper.swift; sourceTree = "<group>"; };
		5C8F0BAD1C1F25BB003E2895 /* ReachabilityDelegate.swift */ = {isa = PBXFileReference; fileEncoding = 4; lastKnownFileType = sourcecode.swift; path = ReachabilityDelegate.swift; sourceTree = "<group>"; };
		5C9B18ED1C197A2E0076B648 /* Austria-Forum.app */ = {isa = PBXFileReference; explicitFileType = wrapper.application; includeInIndex = 0; path = "Austria-Forum.app"; sourceTree = BUILT_PRODUCTS_DIR; };
		5C9B18F01C197A2E0076B648 /* AppDelegate.swift */ = {isa = PBXFileReference; lastKnownFileType = sourcecode.swift; path = AppDelegate.swift; sourceTree = "<group>"; };
		5C9B18F51C197A2E0076B648 /* SearchTableViewController.swift */ = {isa = PBXFileReference; lastKnownFileType = sourcecode.swift; path = SearchTableViewController.swift; sourceTree = "<group>"; };
		5C9B18F71C197A2E0076B648 /* DetailViewController.swift */ = {isa = PBXFileReference; lastKnownFileType = sourcecode.swift; path = DetailViewController.swift; sourceTree = "<group>"; };
		5C9B18FC1C197A2E0076B648 /* Assets.xcassets */ = {isa = PBXFileReference; lastKnownFileType = folder.assetcatalog; path = Assets.xcassets; sourceTree = "<group>"; };
		5C9B18FF1C197A2E0076B648 /* Base */ = {isa = PBXFileReference; lastKnownFileType = file.storyboard; name = Base; path = Base.lproj/LaunchScreen.storyboard; sourceTree = "<group>"; };
		5C9B19011C197A2E0076B648 /* Info.plist */ = {isa = PBXFileReference; lastKnownFileType = text.plist.xml; path = Info.plist; sourceTree = "<group>"; };
		5C9B19061C197A2E0076B648 /* Austria-ForumTests.xctest */ = {isa = PBXFileReference; explicitFileType = wrapper.cfbundle; includeInIndex = 0; path = "Austria-ForumTests.xctest"; sourceTree = BUILT_PRODUCTS_DIR; };
		5C9B190A1C197A2E0076B648 /* Austria_ForumTests.swift */ = {isa = PBXFileReference; lastKnownFileType = sourcecode.swift; path = Austria_ForumTests.swift; sourceTree = "<group>"; };
		5C9B190C1C197A2E0076B648 /* Info.plist */ = {isa = PBXFileReference; lastKnownFileType = text.plist.xml; path = Info.plist; sourceTree = "<group>"; };
		5C9B19111C197A2E0076B648 /* Austria-ForumUITests.xctest */ = {isa = PBXFileReference; explicitFileType = wrapper.cfbundle; includeInIndex = 0; path = "Austria-ForumUITests.xctest"; sourceTree = BUILT_PRODUCTS_DIR; };
		5C9B19151C197A2E0076B648 /* Austria_ForumUITests.swift */ = {isa = PBXFileReference; lastKnownFileType = sourcecode.swift; path = Austria_ForumUITests.swift; sourceTree = "<group>"; };
		5C9B19171C197A2E0076B648 /* Info.plist */ = {isa = PBXFileReference; lastKnownFileType = text.plist.xml; path = Info.plist; sourceTree = "<group>"; };
		5CB99DC31DCB2E6500658F73 /* Search100.png */ = {isa = PBXFileReference; lastKnownFileType = image.png; path = Search100.png; sourceTree = "<group>"; };
		5CBBFAC01C64B74E00C20437 /* GetPageInfoFromUrls.swift */ = {isa = PBXFileReference; fileEncoding = 4; lastKnownFileType = sourcecode.swift; path = GetPageInfoFromUrls.swift; sourceTree = "<group>"; };
		5CBBFAC31C64E50600C20437 /* LicenseManager.swift */ = {isa = PBXFileReference; fileEncoding = 4; lastKnownFileType = sourcecode.swift; path = LicenseManager.swift; sourceTree = "<group>"; };
		5CBBFAD71C64EBA200C20437 /* by-nc-nd.png */ = {isa = PBXFileReference; lastKnownFileType = image.png; path = "by-nc-nd.png"; sourceTree = "<group>"; };
		5CBBFAD81C64EBA200C20437 /* by-nc-sa.png */ = {isa = PBXFileReference; lastKnownFileType = image.png; path = "by-nc-sa.png"; sourceTree = "<group>"; };
		5CBBFAD91C64EBA200C20437 /* by-nc.png */ = {isa = PBXFileReference; lastKnownFileType = image.png; path = "by-nc.png"; sourceTree = "<group>"; };
		5CBBFADA1C64EBA200C20437 /* by-nd.png */ = {isa = PBXFileReference; lastKnownFileType = image.png; path = "by-nd.png"; sourceTree = "<group>"; };
		5CBBFADB1C64EBA200C20437 /* by-sa.png */ = {isa = PBXFileReference; lastKnownFileType = image.png; path = "by-sa.png"; sourceTree = "<group>"; };
		5CBBFADC1C64EBA200C20437 /* by.png */ = {isa = PBXFileReference; lastKnownFileType = image.png; path = by.png; sourceTree = "<group>"; };
		5CBBFADD1C64EBA200C20437 /* cc-zero.png */ = {isa = PBXFileReference; lastKnownFileType = image.png; path = "cc-zero.png"; sourceTree = "<group>"; };
		5CBBFADE1C64EBA200C20437 /* publicdomain.png */ = {isa = PBXFileReference; lastKnownFileType = image.png; path = publicdomain.png; sourceTree = "<group>"; };
		5CBBFAE71C64EBE100C20437 /* af_license.png */ = {isa = PBXFileReference; lastKnownFileType = image.png; path = af_license.png; sourceTree = "<group>"; };
		5CC0B1371CB68ADE0093D7F2 /* AboutViewController.swift */ = {isa = PBXFileReference; fileEncoding = 4; lastKnownFileType = sourcecode.swift; path = AboutViewController.swift; sourceTree = "<group>"; };
		5CC360F81C70DBA100095F21 /* UIImage+Extension.swift */ = {isa = PBXFileReference; fileEncoding = 4; lastKnownFileType = sourcecode.swift; path = "UIImage+Extension.swift"; sourceTree = "<group>"; };
		5CC360FF1C70E2BA00095F21 /* Bookmark.png */ = {isa = PBXFileReference; lastKnownFileType = image.png; path = Bookmark.png; sourceTree = "<group>"; };
		5CC361001C70E2BA00095F21 /* Calendar.png */ = {isa = PBXFileReference; lastKnownFileType = image.png; path = Calendar.png; sourceTree = "<group>"; };
		5CC361021C70E2BA00095F21 /* Hearts_Filled.png */ = {isa = PBXFileReference; lastKnownFileType = image.png; path = Hearts_Filled.png; sourceTree = "<group>"; };
		5CC361031C70E2BA00095F21 /* Hearts.png */ = {isa = PBXFileReference; lastKnownFileType = image.png; path = Hearts.png; sourceTree = "<group>"; };
		5CC361041C70E2BA00095F21 /* Marker.png */ = {isa = PBXFileReference; lastKnownFileType = image.png; path = Marker.png; sourceTree = "<group>"; };
		5CC361051C70E2BA00095F21 /* Search.png */ = {isa = PBXFileReference; lastKnownFileType = image.png; path = Search.png; sourceTree = "<group>"; };
		5CC361061C70E2BA00095F21 /* Settings_3.png */ = {isa = PBXFileReference; lastKnownFileType = image.png; path = Settings_3.png; sourceTree = "<group>"; };
		5CC361071C70E2BA00095F21 /* Settings.png */ = {isa = PBXFileReference; lastKnownFileType = image.png; path = Settings.png; sourceTree = "<group>"; };
		5CC361081C70E2BA00095F21 /* Shuffle.png */ = {isa = PBXFileReference; lastKnownFileType = image.png; path = Shuffle.png; sourceTree = "<group>"; };
		5CC361091C70E2BA00095F21 /* Upload.png */ = {isa = PBXFileReference; lastKnownFileType = image.png; path = Upload.png; sourceTree = "<group>"; };
		5CC361161C70E4C300095F21 /* ToolBar.swift */ = {isa = PBXFileReference; fileEncoding = 4; lastKnownFileType = sourcecode.swift; path = ToolBar.swift; sourceTree = "<group>"; };
		5CCAECEC1C23204100713BB7 /* Base */ = {isa = PBXFileReference; lastKnownFileType = file.storyboard; name = Base; path = Base.lproj/Main.storyboard; sourceTree = "<group>"; };
		5CCC3F1E1C413B9C00ADBBDB /* FavouritesTableViewController.swift */ = {isa = PBXFileReference; fileEncoding = 4; lastKnownFileType = sourcecode.swift; path = FavouritesTableViewController.swift; sourceTree = "<group>"; };
		5CCC3F201C42542B00ADBBDB /* Extension+Dictionary.swift */ = {isa = PBXFileReference; fileEncoding = 4; lastKnownFileType = sourcecode.swift; path = "Extension+Dictionary.swift"; sourceTree = "<group>"; };
		5CD36C0F1E8820E200CE82FF /* back.png */ = {isa = PBXFileReference; lastKnownFileType = image.png; path = back.png; sourceTree = "<group>"; };
		5CE5DA081D9E3A9E005C036D /* Helper.swift */ = {isa = PBXFileReference; fileEncoding = 4; lastKnownFileType = sourcecode.swift; path = Helper.swift; sourceTree = "<group>"; };
		5CE9EEF71C198C9D0068825C /* RequestManager.swift */ = {isa = PBXFileReference; fileEncoding = 4; lastKnownFileType = sourcecode.swift; path = RequestManager.swift; sourceTree = "<group>"; };
		5CE9EEF91C1990CD0068825C /* GetArticleFromMonthlyPool.swift */ = {isa = PBXFileReference; fileEncoding = 4; lastKnownFileType = sourcecode.swift; path = GetArticleFromMonthlyPool.swift; sourceTree = "<group>"; };
		5CE9EEFB1C19914A0068825C /* BaseRequest.swift */ = {isa = PBXFileReference; fileEncoding = 4; lastKnownFileType = sourcecode.swift; path = BaseRequest.swift; sourceTree = "<group>"; };
		5CE9EEFE1C199E1E0068825C /* FindPagesRequest.swift */ = {isa = PBXFileReference; fileEncoding = 4; lastKnownFileType = sourcecode.swift; path = FindPagesRequest.swift; sourceTree = "<group>"; };
		5CE9EF001C19A1B70068825C /* GetRandomArticleRequest.swift */ = {isa = PBXFileReference; fileEncoding = 4; lastKnownFileType = sourcecode.swift; path = GetRandomArticleRequest.swift; sourceTree = "<group>"; };
		5CE9EF401C19D3FB0068825C /* StartViewController.swift */ = {isa = PBXFileReference; fileEncoding = 4; lastKnownFileType = sourcecode.swift; path = StartViewController.swift; sourceTree = "<group>"; };
		5CEA75361C197E9E0069D333 /* Podfile */ = {isa = PBXFileReference; fileEncoding = 4; lastKnownFileType = text; path = Podfile; sourceTree = "<group>"; xcLanguageSpecificationIdentifier = xcode.lang.ruby; };
		6E1A3AFC5FF9F30EF1849FB4 /* Pods-Austria-ForumUITests.debug.xcconfig */ = {isa = PBXFileReference; includeInIndex = 1; lastKnownFileType = text.xcconfig; name = "Pods-Austria-ForumUITests.debug.xcconfig"; path = "Pods/Target Support Files/Pods-Austria-ForumUITests/Pods-Austria-ForumUITests.debug.xcconfig"; sourceTree = "<group>"; };
		8F8B61866F5E5D554BD9CB7D /* Pods-Austria-Forum.release.xcconfig */ = {isa = PBXFileReference; includeInIndex = 1; lastKnownFileType = text.xcconfig; name = "Pods-Austria-Forum.release.xcconfig"; path = "Pods/Target Support Files/Pods-Austria-Forum/Pods-Austria-Forum.release.xcconfig"; sourceTree = "<group>"; };
		BF0E9B30E34F75B3F65FCBFE /* Pods-Austria-ForumTests.release.xcconfig */ = {isa = PBXFileReference; includeInIndex = 1; lastKnownFileType = text.xcconfig; name = "Pods-Austria-ForumTests.release.xcconfig"; path = "Pods/Target Support Files/Pods-Austria-ForumTests/Pods-Austria-ForumTests.release.xcconfig"; sourceTree = "<group>"; };
		FACD8EB8EBBAE6B78124C905 /* Pods_Austria_ForumUITests.framework */ = {isa = PBXFileReference; explicitFileType = wrapper.framework; includeInIndex = 0; path = Pods_Austria_ForumUITests.framework; sourceTree = BUILT_PRODUCTS_DIR; };
		FBAB43470D95237997BAC788 /* Pods-Austria-Forum.debug.xcconfig */ = {isa = PBXFileReference; includeInIndex = 1; lastKnownFileType = text.xcconfig; name = "Pods-Austria-Forum.debug.xcconfig"; path = "Pods/Target Support Files/Pods-Austria-Forum/Pods-Austria-Forum.debug.xcconfig"; sourceTree = "<group>"; };
/* End PBXFileReference section */

/* Begin PBXFrameworksBuildPhase section */
		5C9B18EA1C197A2E0076B648 /* Frameworks */ = {
			isa = PBXFrameworksBuildPhase;
			buildActionMask = 2147483647;
			files = (
				46527D07A81998CA57F1F8F8 /* Pods_Austria_Forum.framework in Frameworks */,
			);
			runOnlyForDeploymentPostprocessing = 0;
		};
		5C9B19031C197A2E0076B648 /* Frameworks */ = {
			isa = PBXFrameworksBuildPhase;
			buildActionMask = 2147483647;
			files = (
				942D15293A7ACAF56931CD28 /* Pods_Austria_ForumTests.framework in Frameworks */,
			);
			runOnlyForDeploymentPostprocessing = 0;
		};
		5C9B190E1C197A2E0076B648 /* Frameworks */ = {
			isa = PBXFrameworksBuildPhase;
			buildActionMask = 2147483647;
			files = (
				2CC56A251FE33D40E039C361 /* Pods_Austria_ForumUITests.framework in Frameworks */,
			);
			runOnlyForDeploymentPostprocessing = 0;
		};
/* End PBXFrameworksBuildPhase section */

/* Begin PBXGroup section */
		4AC3A39ECEF3F810E81E681E /* Pods */ = {
			isa = PBXGroup;
			children = (
				FBAB43470D95237997BAC788 /* Pods-Austria-Forum.debug.xcconfig */,
				8F8B61866F5E5D554BD9CB7D /* Pods-Austria-Forum.release.xcconfig */,
				55B776033DD596E4AFA6904C /* Pods-Austria-ForumTests.debug.xcconfig */,
				BF0E9B30E34F75B3F65FCBFE /* Pods-Austria-ForumTests.release.xcconfig */,
				6E1A3AFC5FF9F30EF1849FB4 /* Pods-Austria-ForumUITests.debug.xcconfig */,
				1B0C4190D484EE549041078C /* Pods-Austria-ForumUITests.release.xcconfig */,
			);
			name = Pods;
			sourceTree = "<group>";
		};
		5C268E201C1AF9AC007CC4CD /* UserData */ = {
			isa = PBXGroup;
			children = (
				5C268E231C1AFA04007CC4CD /* UserData.swift */,
				5C268E291C1B491B007CC4CD /* SearchResult.swift */,
				5C268E2B1C1B4A4E007CC4CD /* SearchHolder.swift */,
				5C4A6AE71C410E080010499B /* FavouritesHolder.swift */,
				5C55A56F1C514C9E00F86B37 /* LocationArticleHolder.swift */,
				5C55A5711C514D0100F86B37 /* LocationArticleResult.swift */,
				5C46015E1D3EAA34008A5634 /* LicenseResult.swift */,
			);
			name = UserData;
			sourceTree = "<group>";
		};
		5C268E261C1B43B5007CC4CD /* Delegation */ = {
			isa = PBXGroup;
			children = (
				5C268E271C1B43D3007CC4CD /* NetworkDelegation.swift */,
				5C8F0BAD1C1F25BB003E2895 /* ReachabilityDelegate.swift */,
			);
			name = Delegation;
			sourceTree = "<group>";
		};
		5C9B18E41C197A2E0076B648 = {
			isa = PBXGroup;
			children = (
				5C9B18EF1C197A2E0076B648 /* Austria-Forum */,
				5C9B19091C197A2E0076B648 /* Austria-ForumTests */,
				5C9B19141C197A2E0076B648 /* Austria-ForumUITests */,
				5C9B18EE1C197A2E0076B648 /* Products */,
				5CEA75361C197E9E0069D333 /* Podfile */,
				4AC3A39ECEF3F810E81E681E /* Pods */,
				6F5DFFE72E8C933D632CE3EF /* Frameworks */,
			);
			sourceTree = "<group>";
		};
		5C9B18EE1C197A2E0076B648 /* Products */ = {
			isa = PBXGroup;
			children = (
				5C9B18ED1C197A2E0076B648 /* Austria-Forum.app */,
				5C9B19061C197A2E0076B648 /* Austria-ForumTests.xctest */,
				5C9B19111C197A2E0076B648 /* Austria-ForumUITests.xctest */,
			);
			name = Products;
			sourceTree = "<group>";
		};
		5C9B18EF1C197A2E0076B648 /* Austria-Forum */ = {
			isa = PBXGroup;
			children = (
				5CE9EEF51C198C050068825C /* Misc */,
				5CE9EEEF1C198BB60068825C /* Model */,
				5CE9EEF01C198BBF0068825C /* Views */,
				5CE9EEEE1C198BAE0068825C /* Controllers */,
				5C2C047E1CC2284100FC25AE /* GoogleService-Info.plist */,
				5C5BA4871D905E0F00E63F0D /* repair.js */,
			);
			path = "Austria-Forum";
			sourceTree = "<group>";
		};
		5C9B19091C197A2E0076B648 /* Austria-ForumTests */ = {
			isa = PBXGroup;
			children = (
				5C9B190A1C197A2E0076B648 /* Austria_ForumTests.swift */,
				5C9B190C1C197A2E0076B648 /* Info.plist */,
			);
			path = "Austria-ForumTests";
			sourceTree = "<group>";
		};
		5C9B19141C197A2E0076B648 /* Austria-ForumUITests */ = {
			isa = PBXGroup;
			children = (
				5C9B19151C197A2E0076B648 /* Austria_ForumUITests.swift */,
				5C9B19171C197A2E0076B648 /* Info.plist */,
			);
			path = "Austria-ForumUITests";
			sourceTree = "<group>";
		};
		5CBBFAC21C64E4EF00C20437 /* Images */ = {
			isa = PBXGroup;
			children = (
				5CBBFAC61C64EB5A00C20437 /* icons */,
				5CBBFAC51C64EB5000C20437 /* license */,
			);
			name = Images;
			sourceTree = "<group>";
		};
		5CBBFAC51C64EB5000C20437 /* license */ = {
			isa = PBXGroup;
			children = (
				5CBBFAD71C64EBA200C20437 /* by-nc-nd.png */,
				5CBBFAD81C64EBA200C20437 /* by-nc-sa.png */,
				5CBBFAD91C64EBA200C20437 /* by-nc.png */,
				5CBBFADA1C64EBA200C20437 /* by-nd.png */,
				5CBBFAE71C64EBE100C20437 /* af_license.png */,
				5CBBFADB1C64EBA200C20437 /* by-sa.png */,
				5CBBFADC1C64EBA200C20437 /* by.png */,
				5CBBFADD1C64EBA200C20437 /* cc-zero.png */,
				5CBBFADE1C64EBA200C20437 /* publicdomain.png */,
			);
			name = license;
			sourceTree = "<group>";
		};
		5CBBFAC61C64EB5A00C20437 /* icons */ = {
			isa = PBXGroup;
			children = (
				5C4A6AB31C3AC1E40010499B /* af_logo.png */,
				5CB99DC31DCB2E6500658F73 /* Search100.png */,
				5CC360FF1C70E2BA00095F21 /* Bookmark.png */,
				5CD36C0F1E8820E200CE82FF /* back.png */,
				5CC361001C70E2BA00095F21 /* Calendar.png */,
				5C84A6FA1C907EBE006C3CC0 /* home.png */,
				5CC361021C70E2BA00095F21 /* Hearts_Filled.png */,
				5CC361031C70E2BA00095F21 /* Hearts.png */,
				5C80A1661E8823DD00B05836 /* forward.png */,
				5CC361041C70E2BA00095F21 /* Marker.png */,
				5CC361051C70E2BA00095F21 /* Search.png */,
				5CC361061C70E2BA00095F21 /* Settings_3.png */,
				5CC361071C70E2BA00095F21 /* Settings.png */,
				5CC361081C70E2BA00095F21 /* Shuffle.png */,
				5CC361091C70E2BA00095F21 /* Upload.png */,
			);
			name = icons;
			sourceTree = "<group>";
		};
		5CE9EEEE1C198BAE0068825C /* Controllers */ = {
			isa = PBXGroup;
			children = (
				5CE9EEF41C198BF30068825C /* BusinessLogic */,
				5CE9EEF31C198BEA0068825C /* ViewControllers */,
			);
			name = Controllers;
			sourceTree = "<group>";
		};
		5CE9EEEF1C198BB60068825C /* Model */ = {
			isa = PBXGroup;
			children = (
				5C268E201C1AF9AC007CC4CD /* UserData */,
				5C9B18FC1C197A2E0076B648 /* Assets.xcassets */,
				5CBBFAC21C64E4EF00C20437 /* Images */,
				5C9B19011C197A2E0076B648 /* Info.plist */,
				5C4A6AE51C4062EE0010499B /* Favourites.plist */,
			);
			name = Model;
			sourceTree = "<group>";
		};
		5CE9EEF01C198BBF0068825C /* Views */ = {
			isa = PBXGroup;
			children = (
				5CE9EEF11C198BCC0068825C /* UI Files */,
				5CE9EEF21C198BD80068825C /* Custom Views */,
			);
			name = Views;
			sourceTree = "<group>";
		};
		5CE9EEF11C198BCC0068825C /* UI Files */ = {
			isa = PBXGroup;
			children = (
				5C9B18FE1C197A2E0076B648 /* LaunchScreen.storyboard */,
				5CCAECEB1C23204100713BB7 /* Main.storyboard */,
				5C4A6ADB1C3E63D20010499B /* LoadingScreen.xib */,
				5C4A6AAF1C3AB8C30010499B /* afTableCell.xib */,
				5C4EA63F1C52831600E5B758 /* afLocationTableViewCell.xib */,
			);
			name = "UI Files";
			sourceTree = "<group>";
		};
		5CE9EEF21C198BD80068825C /* Custom Views */ = {
			isa = PBXGroup;
			children = (
				5C4A6AD91C3E63BA0010499B /* LoadingScreen.swift */,
				5C4A6AB11C3AB9E80010499B /* afTableViewCell.swift */,
				5C4EA6411C52834900E5B758 /* afLocationTableViewCell.swift */,
				5CC361161C70E4C300095F21 /* ToolBar.swift */,
			);
			name = "Custom Views";
			sourceTree = "<group>";
		};
		5CE9EEF31C198BEA0068825C /* ViewControllers */ = {
			isa = PBXGroup;
			children = (
				5C9B18F51C197A2E0076B648 /* SearchTableViewController.swift */,
				5C9B18F71C197A2E0076B648 /* DetailViewController.swift */,
				5CE9EF401C19D3FB0068825C /* StartViewController.swift */,
				5C4A6ADD1C3E925E0010499B /* LocationTableViewController.swift */,
				5C4A6ADF1C3E972B0010499B /* OptionsTableViewController.swift */,
				5CCC3F1E1C413B9C00ADBBDB /* FavouritesTableViewController.swift */,
				5CC0B1371CB68ADE0093D7F2 /* AboutViewController.swift */,
			);
			name = ViewControllers;
			sourceTree = "<group>";
		};
		5CE9EEF41C198BF30068825C /* BusinessLogic */ = {
			isa = PBXGroup;
			children = (
				5CE9EEF61C198C360068825C /* Communication Classes */,
				5C55A56B1C4EC84800F86B37 /* MyLocationManager.swift */,
				5C4EA63D1C5271B900E5B758 /* CategoriesListed.swift */,
				5C4A6AE31C4062240010499B /* ReadWriteToPList.swift */,
				5CBBFAC31C64E50600C20437 /* LicenseManager.swift */,
			);
			name = BusinessLogic;
			sourceTree = "<group>";
		};
		5CE9EEF51C198C050068825C /* Misc */ = {
			isa = PBXGroup;
			children = (
				5C9B18F01C197A2E0076B648 /* AppDelegate.swift */,
				5CCC3F201C42542B00ADBBDB /* Extension+Dictionary.swift */,
				5CC360F81C70DBA100095F21 /* UIImage+Extension.swift */,
				5C2C04801CC3725800FC25AE /* ViewController+Extension.swift */,
				5CE5DA081D9E3A9E005C036D /* Helper.swift */,
			);
			name = Misc;
			sourceTree = "<group>";
		};
		5CE9EEF61C198C360068825C /* Communication Classes */ = {
			isa = PBXGroup;
			children = (
				5C268E261C1B43B5007CC4CD /* Delegation */,
				5CE9EEF71C198C9D0068825C /* RequestManager.swift */,
				5CE9EEFB1C19914A0068825C /* BaseRequest.swift */,
				5CE9EEF91C1990CD0068825C /* GetArticleFromMonthlyPool.swift */,
				5CE9EEFE1C199E1E0068825C /* FindPagesRequest.swift */,
				5CE9EF001C19A1B70068825C /* GetRandomArticleRequest.swift */,
				5C55A56D1C51493C00F86B37 /* GetArticlesByLocationRequest.swift */,
				5CBBFAC01C64B74E00C20437 /* GetPageInfoFromUrls.swift */,
				5C8F0BAB1C1F1358003E2895 /* ReachabilityHelper.swift */,
			);
			name = "Communication Classes";
			sourceTree = "<group>";
		};
		6F5DFFE72E8C933D632CE3EF /* Frameworks */ = {
			isa = PBXGroup;
			children = (
				101AC65B372ECA8D993DA862 /* Pods_Austria_Forum.framework */,
				245F84DFF2C770BC910B0535 /* Pods_Austria_ForumTests.framework */,
				FACD8EB8EBBAE6B78124C905 /* Pods_Austria_ForumUITests.framework */,
			);
			name = Frameworks;
			sourceTree = "<group>";
		};
/* End PBXGroup section */

/* Begin PBXNativeTarget section */
		5C9B18EC1C197A2E0076B648 /* Austria-Forum */ = {
			isa = PBXNativeTarget;
			buildConfigurationList = 5C9B191A1C197A2E0076B648 /* Build configuration list for PBXNativeTarget "Austria-Forum" */;
			buildPhases = (
				304E0F8038F4556C2C61A58D /* [CP] Check Pods Manifest.lock */,
				5C9B18E91C197A2E0076B648 /* Sources */,
				5C9B18EA1C197A2E0076B648 /* Frameworks */,
				5C9B18EB1C197A2E0076B648 /* Resources */,
				5C268E1F1C1AE406007CC4CD /* ShellScript */,
				3E690F0A404A5DB562F88316 /* [CP] Embed Pods Frameworks */,
				3A9F67E8F1A9667E4CFAC5BB /* [CP] Copy Pods Resources */,
				3A9C7D46B8B34D9545E786EB /* Embed Pods Frameworks */,
			);
			buildRules = (
			);
			dependencies = (
			);
			name = "Austria-Forum";
			productName = "Austria-Forum";
			productReference = 5C9B18ED1C197A2E0076B648 /* Austria-Forum.app */;
			productType = "com.apple.product-type.application";
		};
		5C9B19051C197A2E0076B648 /* Austria-ForumTests */ = {
			isa = PBXNativeTarget;
			buildConfigurationList = 5C9B191D1C197A2E0076B648 /* Build configuration list for PBXNativeTarget "Austria-ForumTests" */;
			buildPhases = (
				AD16BBC6910DDF9CD89973D4 /* [CP] Check Pods Manifest.lock */,
				5C9B19021C197A2E0076B648 /* Sources */,
				5C9B19031C197A2E0076B648 /* Frameworks */,
				5C9B19041C197A2E0076B648 /* Resources */,
				7A26A0CB3C026FD722AF0BE7 /* [CP] Embed Pods Frameworks */,
				88F27F278A208DFDAB979301 /* [CP] Copy Pods Resources */,
				5EBC7B160A33F211BEEDD1DB /* Embed Pods Frameworks */,
			);
			buildRules = (
			);
			dependencies = (
				5C9B19081C197A2E0076B648 /* PBXTargetDependency */,
			);
			name = "Austria-ForumTests";
			productName = "Austria-ForumTests";
			productReference = 5C9B19061C197A2E0076B648 /* Austria-ForumTests.xctest */;
			productType = "com.apple.product-type.bundle.unit-test";
		};
		5C9B19101C197A2E0076B648 /* Austria-ForumUITests */ = {
			isa = PBXNativeTarget;
			buildConfigurationList = 5C9B19201C197A2E0076B648 /* Build configuration list for PBXNativeTarget "Austria-ForumUITests" */;
			buildPhases = (
				84E17E61C3BED566842EF414 /* [CP] Check Pods Manifest.lock */,
				5C9B190D1C197A2E0076B648 /* Sources */,
				5C9B190E1C197A2E0076B648 /* Frameworks */,
				5C9B190F1C197A2E0076B648 /* Resources */,
				4FC6D76DD24B94674C2C71BE /* [CP] Embed Pods Frameworks */,
				B10DCB60126228EFA969ABBD /* [CP] Copy Pods Resources */,
			);
			buildRules = (
			);
			dependencies = (
				5C9B19131C197A2E0076B648 /* PBXTargetDependency */,
			);
			name = "Austria-ForumUITests";
			productName = "Austria-ForumUITests";
			productReference = 5C9B19111C197A2E0076B648 /* Austria-ForumUITests.xctest */;
			productType = "com.apple.product-type.bundle.ui-testing";
		};
/* End PBXNativeTarget section */

/* Begin PBXProject section */
		5C9B18E51C197A2E0076B648 /* Project object */ = {
			isa = PBXProject;
			attributes = {
				LastSwiftUpdateCheck = 0710;
				LastUpgradeCheck = 0820;
				ORGANIZATIONNAME = "Paul Neuhold";
				TargetAttributes = {
					5C9B18EC1C197A2E0076B648 = {
						CreatedOnToolsVersion = 7.1.1;
						DevelopmentTeam = K4XFJA86D8;
						LastSwiftMigration = 0800;
						SystemCapabilities = {
							com.apple.BackgroundModes = {
								enabled = 1;
							};
							com.apple.Push = {
								enabled = 0;
							};
						};
					};
					5C9B19051C197A2E0076B648 = {
						CreatedOnToolsVersion = 7.1.1;
						LastSwiftMigration = 0800;
						TestTargetID = 5C9B18EC1C197A2E0076B648;
					};
					5C9B19101C197A2E0076B648 = {
						CreatedOnToolsVersion = 7.1.1;
						TestTargetID = 5C9B18EC1C197A2E0076B648;
					};
				};
			};
			buildConfigurationList = 5C9B18E81C197A2E0076B648 /* Build configuration list for PBXProject "Austria-Forum" */;
			compatibilityVersion = "Xcode 3.2";
			developmentRegion = English;
			hasScannedForEncodings = 0;
			knownRegions = (
				en,
				Base,
			);
			mainGroup = 5C9B18E41C197A2E0076B648;
			productRefGroup = 5C9B18EE1C197A2E0076B648 /* Products */;
			projectDirPath = "";
			projectRoot = "";
			targets = (
				5C9B18EC1C197A2E0076B648 /* Austria-Forum */,
				5C9B19051C197A2E0076B648 /* Austria-ForumTests */,
				5C9B19101C197A2E0076B648 /* Austria-ForumUITests */,
			);
		};
/* End PBXProject section */

/* Begin PBXResourcesBuildPhase section */
		5C9B18EB1C197A2E0076B648 /* Resources */ = {
			isa = PBXResourcesBuildPhase;
			buildActionMask = 2147483647;
			files = (
				5CC361131C70E2BA00095F21 /* Settings.png in Resources */,
				5C4A6AB41C3AC1E40010499B /* af_logo.png in Resources */,
				5CC3610B1C70E2BA00095F21 /* Bookmark.png in Resources */,
				5C9B19001C197A2E0076B648 /* LaunchScreen.storyboard in Resources */,
				5C4A6ADC1C3E63D20010499B /* LoadingScreen.xib in Resources */,
				5CC361101C70E2BA00095F21 /* Marker.png in Resources */,
				5CBBFAE01C64EBA200C20437 /* by-nc-sa.png in Resources */,
				5C5BA4881D905E0F00E63F0D /* repair.js in Resources */,
				5C4A6AE61C4062EE0010499B /* Favourites.plist in Resources */,
				5CC3610C1C70E2BA00095F21 /* Calendar.png in Resources */,
				5CBBFAE81C64EBE100C20437 /* af_license.png in Resources */,
				5CBBFAE41C64EBA200C20437 /* by.png in Resources */,
				5CBBFAE51C64EBA200C20437 /* cc-zero.png in Resources */,
				5CBBFADF1C64EBA200C20437 /* by-nc-nd.png in Resources */,
				5CBBFAE11C64EBA200C20437 /* by-nc.png in Resources */,
				5CB99DC41DCB2E6500658F73 /* Search100.png in Resources */,
				5C9B18FD1C197A2E0076B648 /* Assets.xcassets in Resources */,
				5CC361121C70E2BA00095F21 /* Settings_3.png in Resources */,
				5CEA75371C197E9E0069D333 /* Podfile in Resources */,
				5CC3610E1C70E2BA00095F21 /* Hearts_Filled.png in Resources */,
				5C84A6FB1C907EBE006C3CC0 /* home.png in Resources */,
				5C80A1671E8823DD00B05836 /* forward.png in Resources */,
				5CBBFAE31C64EBA200C20437 /* by-sa.png in Resources */,
				5C4EA6401C52831600E5B758 /* afLocationTableViewCell.xib in Resources */,
				5CBBFAE61C64EBA200C20437 /* publicdomain.png in Resources */,
				5CC361151C70E2BA00095F21 /* Upload.png in Resources */,
				5C4A6AB01C3AB8C30010499B /* afTableCell.xib in Resources */,
				5C2C047F1CC2284100FC25AE /* GoogleService-Info.plist in Resources */,
				5CC361111C70E2BA00095F21 /* Search.png in Resources */,
				5CC3610F1C70E2BA00095F21 /* Hearts.png in Resources */,
				5CD36C111E8820E200CE82FF /* back.png in Resources */,
				5CC361141C70E2BA00095F21 /* Shuffle.png in Resources */,
				5CCAECED1C23204100713BB7 /* Main.storyboard in Resources */,
				5CBBFAE21C64EBA200C20437 /* by-nd.png in Resources */,
			);
			runOnlyForDeploymentPostprocessing = 0;
		};
		5C9B19041C197A2E0076B648 /* Resources */ = {
			isa = PBXResourcesBuildPhase;
			buildActionMask = 2147483647;
			files = (
			);
			runOnlyForDeploymentPostprocessing = 0;
		};
		5C9B190F1C197A2E0076B648 /* Resources */ = {
			isa = PBXResourcesBuildPhase;
			buildActionMask = 2147483647;
			files = (
			);
			runOnlyForDeploymentPostprocessing = 0;
		};
/* End PBXResourcesBuildPhase section */

/* Begin PBXShellScriptBuildPhase section */
		304E0F8038F4556C2C61A58D /* [CP] Check Pods Manifest.lock */ = {
			isa = PBXShellScriptBuildPhase;
			buildActionMask = 2147483647;
			files = (
			);
			inputPaths = (
			);
			name = "[CP] Check Pods Manifest.lock";
			outputPaths = (
			);
			runOnlyForDeploymentPostprocessing = 0;
			shellPath = /bin/sh;
			shellScript = "diff \"${PODS_ROOT}/../Podfile.lock\" \"${PODS_ROOT}/Manifest.lock\" > /dev/null\nif [ $? != 0 ] ; then\n    # print error to STDERR\n    echo \"error: The sandbox is not in sync with the Podfile.lock. Run 'pod install' or update your CocoaPods installation.\" >&2\n    exit 1\nfi\n";
			showEnvVarsInLog = 0;
		};
		3A9C7D46B8B34D9545E786EB /* Embed Pods Frameworks */ = {
			isa = PBXShellScriptBuildPhase;
			buildActionMask = 2147483647;
			files = (
			);
			inputPaths = (
			);
			name = "Embed Pods Frameworks";
			outputPaths = (
			);
			runOnlyForDeploymentPostprocessing = 0;
			shellPath = /bin/sh;
			shellScript = "\"${SRCROOT}/Pods/Target Support Files/Pods-Austria-Forum/Pods-Austria-Forum-frameworks.sh\"\n";
			showEnvVarsInLog = 0;
		};
		3A9F67E8F1A9667E4CFAC5BB /* [CP] Copy Pods Resources */ = {
			isa = PBXShellScriptBuildPhase;
			buildActionMask = 2147483647;
			files = (
			);
			inputPaths = (
			);
			name = "[CP] Copy Pods Resources";
			outputPaths = (
			);
			runOnlyForDeploymentPostprocessing = 0;
			shellPath = /bin/sh;
			shellScript = "\"${SRCROOT}/Pods/Target Support Files/Pods-Austria-Forum/Pods-Austria-Forum-resources.sh\"\n";
			showEnvVarsInLog = 0;
		};
		3E690F0A404A5DB562F88316 /* [CP] Embed Pods Frameworks */ = {
			isa = PBXShellScriptBuildPhase;
			buildActionMask = 2147483647;
			files = (
			);
			inputPaths = (
			);
			name = "[CP] Embed Pods Frameworks";
			outputPaths = (
			);
			runOnlyForDeploymentPostprocessing = 0;
			shellPath = /bin/sh;
			shellScript = "\"${SRCROOT}/Pods/Target Support Files/Pods-Austria-Forum/Pods-Austria-Forum-frameworks.sh\"\n";
			showEnvVarsInLog = 0;
		};
		4FC6D76DD24B94674C2C71BE /* [CP] Embed Pods Frameworks */ = {
			isa = PBXShellScriptBuildPhase;
			buildActionMask = 2147483647;
			files = (
			);
			inputPaths = (
			);
			name = "[CP] Embed Pods Frameworks";
			outputPaths = (
			);
			runOnlyForDeploymentPostprocessing = 0;
			shellPath = /bin/sh;
			shellScript = "\"${SRCROOT}/Pods/Target Support Files/Pods-Austria-ForumUITests/Pods-Austria-ForumUITests-frameworks.sh\"\n";
			showEnvVarsInLog = 0;
		};
		5C268E1F1C1AE406007CC4CD /* ShellScript */ = {
			isa = PBXShellScriptBuildPhase;
			buildActionMask = 2147483647;
			files = (
			);
			inputPaths = (
			);
			outputPaths = (
			);
			runOnlyForDeploymentPostprocessing = 0;
			shellPath = /bin/sh;
			shellScript = "\"${PODS_ROOT}/Fabric/run\" b36289702f0f75fc1d2e8f5793d30952d391bffd c1ece7467c67d7b735a98fb69d89f24fcec02f7d9971b2318eff5300b63aadb1";
		};
		5EBC7B160A33F211BEEDD1DB /* Embed Pods Frameworks */ = {
			isa = PBXShellScriptBuildPhase;
			buildActionMask = 2147483647;
			files = (
			);
			inputPaths = (
			);
			name = "Embed Pods Frameworks";
			outputPaths = (
			);
			runOnlyForDeploymentPostprocessing = 0;
			shellPath = /bin/sh;
			shellScript = "\"${SRCROOT}/Pods/Target Support Files/Pods-Austria-ForumTests/Pods-Austria-ForumTests-frameworks.sh\"\n";
			showEnvVarsInLog = 0;
		};
		7A26A0CB3C026FD722AF0BE7 /* [CP] Embed Pods Frameworks */ = {
			isa = PBXShellScriptBuildPhase;
			buildActionMask = 2147483647;
			files = (
			);
			inputPaths = (
			);
			name = "[CP] Embed Pods Frameworks";
			outputPaths = (
			);
			runOnlyForDeploymentPostprocessing = 0;
			shellPath = /bin/sh;
			shellScript = "\"${SRCROOT}/Pods/Target Support Files/Pods-Austria-ForumTests/Pods-Austria-ForumTests-frameworks.sh\"\n";
			showEnvVarsInLog = 0;
		};
		84E17E61C3BED566842EF414 /* [CP] Check Pods Manifest.lock */ = {
			isa = PBXShellScriptBuildPhase;
			buildActionMask = 2147483647;
			files = (
			);
			inputPaths = (
			);
			name = "[CP] Check Pods Manifest.lock";
			outputPaths = (
			);
			runOnlyForDeploymentPostprocessing = 0;
			shellPath = /bin/sh;
			shellScript = "diff \"${PODS_ROOT}/../Podfile.lock\" \"${PODS_ROOT}/Manifest.lock\" > /dev/null\nif [ $? != 0 ] ; then\n    # print error to STDERR\n    echo \"error: The sandbox is not in sync with the Podfile.lock. Run 'pod install' or update your CocoaPods installation.\" >&2\n    exit 1\nfi\n";
			showEnvVarsInLog = 0;
		};
		88F27F278A208DFDAB979301 /* [CP] Copy Pods Resources */ = {
			isa = PBXShellScriptBuildPhase;
			buildActionMask = 2147483647;
			files = (
			);
			inputPaths = (
			);
			name = "[CP] Copy Pods Resources";
			outputPaths = (
			);
			runOnlyForDeploymentPostprocessing = 0;
			shellPath = /bin/sh;
			shellScript = "\"${SRCROOT}/Pods/Target Support Files/Pods-Austria-ForumTests/Pods-Austria-ForumTests-resources.sh\"\n";
			showEnvVarsInLog = 0;
		};
		AD16BBC6910DDF9CD89973D4 /* [CP] Check Pods Manifest.lock */ = {
			isa = PBXShellScriptBuildPhase;
			buildActionMask = 2147483647;
			files = (
			);
			inputPaths = (
			);
			name = "[CP] Check Pods Manifest.lock";
			outputPaths = (
			);
			runOnlyForDeploymentPostprocessing = 0;
			shellPath = /bin/sh;
			shellScript = "diff \"${PODS_ROOT}/../Podfile.lock\" \"${PODS_ROOT}/Manifest.lock\" > /dev/null\nif [ $? != 0 ] ; then\n    # print error to STDERR\n    echo \"error: The sandbox is not in sync with the Podfile.lock. Run 'pod install' or update your CocoaPods installation.\" >&2\n    exit 1\nfi\n";
			showEnvVarsInLog = 0;
		};
		B10DCB60126228EFA969ABBD /* [CP] Copy Pods Resources */ = {
			isa = PBXShellScriptBuildPhase;
			buildActionMask = 2147483647;
			files = (
			);
			inputPaths = (
			);
			name = "[CP] Copy Pods Resources";
			outputPaths = (
			);
			runOnlyForDeploymentPostprocessing = 0;
			shellPath = /bin/sh;
			shellScript = "\"${SRCROOT}/Pods/Target Support Files/Pods-Austria-ForumUITests/Pods-Austria-ForumUITests-resources.sh\"\n";
			showEnvVarsInLog = 0;
		};
/* End PBXShellScriptBuildPhase section */

/* Begin PBXSourcesBuildPhase section */
		5C9B18E91C197A2E0076B648 /* Sources */ = {
			isa = PBXSourcesBuildPhase;
			buildActionMask = 2147483647;
			files = (
				5C46015F1D3EAA34008A5634 /* LicenseResult.swift in Sources */,
				5CE9EEF81C198C9D0068825C /* RequestManager.swift in Sources */,
				5C268E2C1C1B4A4E007CC4CD /* SearchHolder.swift in Sources */,
				5C4A6ADE1C3E925E0010499B /* LocationTableViewController.swift in Sources */,
				5C2C04811CC3725800FC25AE /* ViewController+Extension.swift in Sources */,
				5C4A6AE01C3E972B0010499B /* OptionsTableViewController.swift in Sources */,
				5C55A56C1C4EC84800F86B37 /* MyLocationManager.swift in Sources */,
				5CE9EF011C19A1B70068825C /* GetRandomArticleRequest.swift in Sources */,
				5CCC3F211C42542B00ADBBDB /* Extension+Dictionary.swift in Sources */,
				5C9B18F11C197A2E0076B648 /* AppDelegate.swift in Sources */,
				5C8F0BAC1C1F1358003E2895 /* ReachabilityHelper.swift in Sources */,
				5CBBFAC41C64E50700C20437 /* LicenseManager.swift in Sources */,
				5C4EA63E1C5271B900E5B758 /* CategoriesListed.swift in Sources */,
				5C4A6ADA1C3E63BA0010499B /* LoadingScreen.swift in Sources */,
				5CE9EEFF1C199E1E0068825C /* FindPagesRequest.swift in Sources */,
				5C55A5721C514D0100F86B37 /* LocationArticleResult.swift in Sources */,
				5CE9EEFC1C19914A0068825C /* BaseRequest.swift in Sources */,
				5C268E281C1B43D3007CC4CD /* NetworkDelegation.swift in Sources */,
				5C4A6AE41C4062240010499B /* ReadWriteToPList.swift in Sources */,
				5C9B18F61C197A2E0076B648 /* SearchTableViewController.swift in Sources */,
				5C4EA6421C52834900E5B758 /* afLocationTableViewCell.swift in Sources */,
				5CCC3F1F1C413B9C00ADBBDB /* FavouritesTableViewController.swift in Sources */,
				5C55A5701C514C9E00F86B37 /* LocationArticleHolder.swift in Sources */,
				5CC361171C70E4C300095F21 /* ToolBar.swift in Sources */,
				5CE5DA091D9E3A9E005C036D /* Helper.swift in Sources */,
				5C8F0BAE1C1F25BB003E2895 /* ReachabilityDelegate.swift in Sources */,
				5CBBFAC11C64B74E00C20437 /* GetPageInfoFromUrls.swift in Sources */,
				5CE9EF411C19D3FB0068825C /* StartViewController.swift in Sources */,
				5C4A6AB21C3AB9E80010499B /* afTableViewCell.swift in Sources */,
				5CC0B1381CB68ADE0093D7F2 /* AboutViewController.swift in Sources */,
				5CE9EEFA1C1990CD0068825C /* GetArticleFromMonthlyPool.swift in Sources */,
				5C268E241C1AFA04007CC4CD /* UserData.swift in Sources */,
				5CC360F91C70DBA100095F21 /* UIImage+Extension.swift in Sources */,
				5C55A56E1C51493C00F86B37 /* GetArticlesByLocationRequest.swift in Sources */,
				5C268E2A1C1B491B007CC4CD /* SearchResult.swift in Sources */,
				5C4A6AE81C410E080010499B /* FavouritesHolder.swift in Sources */,
				5C9B18F81C197A2E0076B648 /* DetailViewController.swift in Sources */,
			);
			runOnlyForDeploymentPostprocessing = 0;
		};
		5C9B19021C197A2E0076B648 /* Sources */ = {
			isa = PBXSourcesBuildPhase;
			buildActionMask = 2147483647;
			files = (
				5C4601601D3EAA34008A5634 /* LicenseResult.swift in Sources */,
				5CE5DA051D99AF3A005C036D /* SearchHolder.swift in Sources */,
				5C9B190B1C197A2E0076B648 /* Austria_ForumTests.swift in Sources */,
			);
			runOnlyForDeploymentPostprocessing = 0;
		};
		5C9B190D1C197A2E0076B648 /* Sources */ = {
			isa = PBXSourcesBuildPhase;
			buildActionMask = 2147483647;
			files = (
				5C4601611D3EAA34008A5634 /* LicenseResult.swift in Sources */,
				5CE5DA061D99AF3B005C036D /* SearchHolder.swift in Sources */,
				5C9B19161C197A2E0076B648 /* Austria_ForumUITests.swift in Sources */,
			);
			runOnlyForDeploymentPostprocessing = 0;
		};
/* End PBXSourcesBuildPhase section */

/* Begin PBXTargetDependency section */
		5C9B19081C197A2E0076B648 /* PBXTargetDependency */ = {
			isa = PBXTargetDependency;
			target = 5C9B18EC1C197A2E0076B648 /* Austria-Forum */;
			targetProxy = 5C9B19071C197A2E0076B648 /* PBXContainerItemProxy */;
		};
		5C9B19131C197A2E0076B648 /* PBXTargetDependency */ = {
			isa = PBXTargetDependency;
			target = 5C9B18EC1C197A2E0076B648 /* Austria-Forum */;
			targetProxy = 5C9B19121C197A2E0076B648 /* PBXContainerItemProxy */;
		};
/* End PBXTargetDependency section */

/* Begin PBXVariantGroup section */
		5C9B18FE1C197A2E0076B648 /* LaunchScreen.storyboard */ = {
			isa = PBXVariantGroup;
			children = (
				5C9B18FF1C197A2E0076B648 /* Base */,
			);
			name = LaunchScreen.storyboard;
			sourceTree = "<group>";
		};
		5CCAECEB1C23204100713BB7 /* Main.storyboard */ = {
			isa = PBXVariantGroup;
			children = (
				5CCAECEC1C23204100713BB7 /* Base */,
			);
			name = Main.storyboard;
			sourceTree = "<group>";
		};
/* End PBXVariantGroup section */

/* Begin XCBuildConfiguration section */
		5C9B19181C197A2E0076B648 /* Debug */ = {
			isa = XCBuildConfiguration;
			buildSettings = {
				ALWAYS_SEARCH_USER_PATHS = NO;
				CLANG_CXX_LANGUAGE_STANDARD = "gnu++0x";
				CLANG_CXX_LIBRARY = "libc++";
				CLANG_ENABLE_MODULES = YES;
				CLANG_ENABLE_OBJC_ARC = YES;
				CLANG_WARN_BOOL_CONVERSION = YES;
				CLANG_WARN_CONSTANT_CONVERSION = YES;
				CLANG_WARN_DIRECT_OBJC_ISA_USAGE = YES_ERROR;
				CLANG_WARN_EMPTY_BODY = YES;
				CLANG_WARN_ENUM_CONVERSION = YES;
				CLANG_WARN_INFINITE_RECURSION = YES;
				CLANG_WARN_INT_CONVERSION = YES;
				CLANG_WARN_OBJC_ROOT_CLASS = YES_ERROR;
				CLANG_WARN_SUSPICIOUS_MOVE = YES;
				CLANG_WARN_UNREACHABLE_CODE = YES;
				CLANG_WARN__DUPLICATE_METHOD_MATCH = YES;
				"CODE_SIGN_IDENTITY[sdk=iphoneos*]" = "iPhone Developer";
				COPY_PHASE_STRIP = NO;
				DEBUG_INFORMATION_FORMAT = "dwarf-with-dsym";
				ENABLE_STRICT_OBJC_MSGSEND = YES;
				ENABLE_TESTABILITY = YES;
				GCC_C_LANGUAGE_STANDARD = gnu99;
				GCC_DYNAMIC_NO_PIC = NO;
				GCC_NO_COMMON_BLOCKS = YES;
				GCC_OPTIMIZATION_LEVEL = 0;
				GCC_PREPROCESSOR_DEFINITIONS = (
					"DEBUG=1",
					"$(inherited)",
				);
				GCC_WARN_64_TO_32_BIT_CONVERSION = YES;
				GCC_WARN_ABOUT_RETURN_TYPE = YES_ERROR;
				GCC_WARN_UNDECLARED_SELECTOR = YES;
				GCC_WARN_UNINITIALIZED_AUTOS = YES_AGGRESSIVE;
				GCC_WARN_UNUSED_FUNCTION = YES;
				GCC_WARN_UNUSED_VARIABLE = YES;
				IPHONEOS_DEPLOYMENT_TARGET = 9.0;
				MTL_ENABLE_DEBUG_INFO = YES;
				ONLY_ACTIVE_ARCH = YES;
				SDKROOT = iphoneos;
				SWIFT_OBJC_BRIDGING_HEADER = "";
				SWIFT_OPTIMIZATION_LEVEL = "-Onone";
				TARGETED_DEVICE_FAMILY = "1,2";
			};
			name = Debug;
		};
		5C9B19191C197A2E0076B648 /* Release */ = {
			isa = XCBuildConfiguration;
			buildSettings = {
				ALWAYS_SEARCH_USER_PATHS = NO;
				CLANG_CXX_LANGUAGE_STANDARD = "gnu++0x";
				CLANG_CXX_LIBRARY = "libc++";
				CLANG_ENABLE_MODULES = YES;
				CLANG_ENABLE_OBJC_ARC = YES;
				CLANG_WARN_BOOL_CONVERSION = YES;
				CLANG_WARN_CONSTANT_CONVERSION = YES;
				CLANG_WARN_DIRECT_OBJC_ISA_USAGE = YES_ERROR;
				CLANG_WARN_EMPTY_BODY = YES;
				CLANG_WARN_ENUM_CONVERSION = YES;
				CLANG_WARN_INFINITE_RECURSION = YES;
				CLANG_WARN_INT_CONVERSION = YES;
				CLANG_WARN_OBJC_ROOT_CLASS = YES_ERROR;
				CLANG_WARN_SUSPICIOUS_MOVE = YES;
				CLANG_WARN_UNREACHABLE_CODE = YES;
				CLANG_WARN__DUPLICATE_METHOD_MATCH = YES;
				"CODE_SIGN_IDENTITY[sdk=iphoneos*]" = "iPhone Developer";
				COPY_PHASE_STRIP = NO;
				DEBUG_INFORMATION_FORMAT = "dwarf-with-dsym";
				ENABLE_NS_ASSERTIONS = NO;
				ENABLE_STRICT_OBJC_MSGSEND = YES;
				GCC_C_LANGUAGE_STANDARD = gnu99;
				GCC_NO_COMMON_BLOCKS = YES;
				GCC_WARN_64_TO_32_BIT_CONVERSION = YES;
				GCC_WARN_ABOUT_RETURN_TYPE = YES_ERROR;
				GCC_WARN_UNDECLARED_SELECTOR = YES;
				GCC_WARN_UNINITIALIZED_AUTOS = YES_AGGRESSIVE;
				GCC_WARN_UNUSED_FUNCTION = YES;
				GCC_WARN_UNUSED_VARIABLE = YES;
				IPHONEOS_DEPLOYMENT_TARGET = 9.0;
				MTL_ENABLE_DEBUG_INFO = NO;
				SDKROOT = iphoneos;
				SWIFT_OBJC_BRIDGING_HEADER = "";
				SWIFT_OPTIMIZATION_LEVEL = "-Owholemodule";
				TARGETED_DEVICE_FAMILY = "1,2";
				VALIDATE_PRODUCT = YES;
			};
			name = Release;
		};
		5C9B191B1C197A2E0076B648 /* Debug */ = {
			isa = XCBuildConfiguration;
			baseConfigurationReference = FBAB43470D95237997BAC788 /* Pods-Austria-Forum.debug.xcconfig */;
			buildSettings = {
				ALWAYS_EMBED_SWIFT_STANDARD_LIBRARIES = YES;
				ASSETCATALOG_COMPILER_APPICON_NAME = AppIcon;
				CODE_SIGN_IDENTITY = "iPhone Developer";
				"CODE_SIGN_IDENTITY[sdk=iphoneos*]" = "iPhone Developer";
				ENABLE_BITCODE = NO;
				INFOPLIST_FILE = "Austria-Forum/Info.plist";
				IPHONEOS_DEPLOYMENT_TARGET = 9.0;
				LD_RUNPATH_SEARCH_PATHS = "$(inherited) @executable_path/Frameworks";
				PRODUCT_BUNDLE_IDENTIFIER = "at.tugraz.Austria-Forum";
				PRODUCT_NAME = "$(TARGET_NAME)";
				PROVISIONING_PROFILE = "";
				SWIFT_OBJC_BRIDGING_HEADER = "";
				SWIFT_VERSION = 3.0;
				TARGETED_DEVICE_FAMILY = "1,2";
			};
			name = Debug;
		};
		5C9B191C1C197A2E0076B648 /* Release */ = {
			isa = XCBuildConfiguration;
			baseConfigurationReference = 8F8B61866F5E5D554BD9CB7D /* Pods-Austria-Forum.release.xcconfig */;
			buildSettings = {
				ALWAYS_EMBED_SWIFT_STANDARD_LIBRARIES = YES;
				ASSETCATALOG_COMPILER_APPICON_NAME = AppIcon;
				CODE_SIGN_IDENTITY = "iPhone Developer";
				"CODE_SIGN_IDENTITY[sdk=iphoneos*]" = "iPhone Developer";
				ENABLE_BITCODE = NO;
				INFOPLIST_FILE = "Austria-Forum/Info.plist";
				IPHONEOS_DEPLOYMENT_TARGET = 9.0;
				LD_RUNPATH_SEARCH_PATHS = "$(inherited) @executable_path/Frameworks";
				PRODUCT_BUNDLE_IDENTIFIER = "at.tugraz.Austria-Forum";
				PRODUCT_NAME = "$(TARGET_NAME)";
				PROVISIONING_PROFILE = "";
				SWIFT_OBJC_BRIDGING_HEADER = "";
				SWIFT_VERSION = 3.0;
				TARGETED_DEVICE_FAMILY = "1,2";
			};
			name = Release;
		};
		5C9B191E1C197A2E0076B648 /* Debug */ = {
			isa = XCBuildConfiguration;
			baseConfigurationReference = 55B776033DD596E4AFA6904C /* Pods-Austria-ForumTests.debug.xcconfig */;
			buildSettings = {
				ALWAYS_EMBED_SWIFT_STANDARD_LIBRARIES = YES;
				BUNDLE_LOADER = "$(TEST_HOST)";
				ENABLE_BITCODE = NO;
				INFOPLIST_FILE = "Austria-ForumTests/Info.plist";
				LD_RUNPATH_SEARCH_PATHS = "$(inherited) @executable_path/Frameworks @loader_path/Frameworks";
				PRODUCT_BUNDLE_IDENTIFIER = "com.paulneuhold.Austria-ForumTests";
				PRODUCT_NAME = "$(TARGET_NAME)";
				SWIFT_OBJC_BRIDGING_HEADER = "";
				SWIFT_VERSION = 3.0;
				TEST_HOST = "$(BUILT_PRODUCTS_DIR)/Austria-Forum.app/Austria-Forum";
			};
			name = Debug;
		};
		5C9B191F1C197A2E0076B648 /* Release */ = {
			isa = XCBuildConfiguration;
			baseConfigurationReference = BF0E9B30E34F75B3F65FCBFE /* Pods-Austria-ForumTests.release.xcconfig */;
			buildSettings = {
				ALWAYS_EMBED_SWIFT_STANDARD_LIBRARIES = YES;
				BUNDLE_LOADER = "$(TEST_HOST)";
				ENABLE_BITCODE = NO;
				INFOPLIST_FILE = "Austria-ForumTests/Info.plist";
				LD_RUNPATH_SEARCH_PATHS = "$(inherited) @executable_path/Frameworks @loader_path/Frameworks";
				PRODUCT_BUNDLE_IDENTIFIER = "com.paulneuhold.Austria-ForumTests";
				PRODUCT_NAME = "$(TARGET_NAME)";
				SWIFT_OBJC_BRIDGING_HEADER = "";
				SWIFT_VERSION = 3.0;
				TEST_HOST = "$(BUILT_PRODUCTS_DIR)/Austria-Forum.app/Austria-Forum";
			};
			name = Release;
		};
		5C9B19211C197A2E0076B648 /* Debug */ = {
			isa = XCBuildConfiguration;
			baseConfigurationReference = 6E1A3AFC5FF9F30EF1849FB4 /* Pods-Austria-ForumUITests.debug.xcconfig */;
			buildSettings = {
				ALWAYS_EMBED_SWIFT_STANDARD_LIBRARIES = YES;
				INFOPLIST_FILE = "Austria-ForumUITests/Info.plist";
				LD_RUNPATH_SEARCH_PATHS = "$(inherited) @executable_path/Frameworks @loader_path/Frameworks";
				PRODUCT_BUNDLE_IDENTIFIER = "com.paulneuhold.Austria-ForumUITests";
				PRODUCT_NAME = "$(TARGET_NAME)";
				SWIFT_OBJC_BRIDGING_HEADER = "";
				TEST_TARGET_NAME = "Austria-Forum";
				USES_XCTRUNNER = YES;
			};
			name = Debug;
		};
		5C9B19221C197A2E0076B648 /* Release */ = {
			isa = XCBuildConfiguration;
			baseConfigurationReference = 1B0C4190D484EE549041078C /* Pods-Austria-ForumUITests.release.xcconfig */;
			buildSettings = {
				ALWAYS_EMBED_SWIFT_STANDARD_LIBRARIES = YES;
				INFOPLIST_FILE = "Austria-ForumUITests/Info.plist";
				LD_RUNPATH_SEARCH_PATHS = "$(inherited) @executable_path/Frameworks @loader_path/Frameworks";
				PRODUCT_BUNDLE_IDENTIFIER = "com.paulneuhold.Austria-ForumUITests";
				PRODUCT_NAME = "$(TARGET_NAME)";
				SWIFT_OBJC_BRIDGING_HEADER = "";
				TEST_TARGET_NAME = "Austria-Forum";
				USES_XCTRUNNER = YES;
			};
			name = Release;
		};
/* End XCBuildConfiguration section */

/* Begin XCConfigurationList section */
		5C9B18E81C197A2E0076B648 /* Build configuration list for PBXProject "Austria-Forum" */ = {
			isa = XCConfigurationList;
			buildConfigurations = (
				5C9B19181C197A2E0076B648 /* Debug */,
				5C9B19191C197A2E0076B648 /* Release */,
			);
			defaultConfigurationIsVisible = 0;
			defaultConfigurationName = Release;
		};
		5C9B191A1C197A2E0076B648 /* Build configuration list for PBXNativeTarget "Austria-Forum" */ = {
			isa = XCConfigurationList;
			buildConfigurations = (
				5C9B191B1C197A2E0076B648 /* Debug */,
				5C9B191C1C197A2E0076B648 /* Release */,
			);
			defaultConfigurationIsVisible = 0;
			defaultConfigurationName = Release;
		};
		5C9B191D1C197A2E0076B648 /* Build configuration list for PBXNativeTarget "Austria-ForumTests" */ = {
			isa = XCConfigurationList;
			buildConfigurations = (
				5C9B191E1C197A2E0076B648 /* Debug */,
				5C9B191F1C197A2E0076B648 /* Release */,
			);
			defaultConfigurationIsVisible = 0;
			defaultConfigurationName = Release;
		};
		5C9B19201C197A2E0076B648 /* Build configuration list for PBXNativeTarget "Austria-ForumUITests" */ = {
			isa = XCConfigurationList;
			buildConfigurations = (
				5C9B19211C197A2E0076B648 /* Debug */,
				5C9B19221C197A2E0076B648 /* Release */,
			);
			defaultConfigurationIsVisible = 0;
			defaultConfigurationName = Release;
		};
/* End XCConfigurationList section */
	};
	rootObject = 5C9B18E51C197A2E0076B648 /* Project object */;
}
